// !$*UTF8*$!
{
	archiveVersion = 1;
	classes = {
	};
	objectVersion = 55;
	objects = {

/* Begin PBXBuildFile section */
		29AF9E4F2924E15C002231E1 /* MyToDosApp.swift in Sources */ = {isa = PBXBuildFile; fileRef = 29AF9E4E2924E15C002231E1 /* MyToDosApp.swift */; };
		29AF9E512924E15C002231E1 /* ContentView.swift in Sources */ = {isa = PBXBuildFile; fileRef = 29AF9E502924E15C002231E1 /* ContentView.swift */; };
		29AF9E532924E15F002231E1 /* Assets.xcassets in Resources */ = {isa = PBXBuildFile; fileRef = 29AF9E522924E15F002231E1 /* Assets.xcassets */; };
		29AF9E562924E15F002231E1 /* Preview Assets.xcassets in Resources */ = {isa = PBXBuildFile; fileRef = 29AF9E552924E15F002231E1 /* Preview Assets.xcassets */; };
		29AF9E602924E15F002231E1 /* MyToDosTests.swift in Sources */ = {isa = PBXBuildFile; fileRef = 29AF9E5F2924E15F002231E1 /* MyToDosTests.swift */; };
		29AF9E6A2924E15F002231E1 /* MyToDosUITests.swift in Sources */ = {isa = PBXBuildFile; fileRef = 29AF9E692924E15F002231E1 /* MyToDosUITests.swift */; };
		29AF9E6C2924E15F002231E1 /* MyToDosUITestsLaunchTests.swift in Sources */ = {isa = PBXBuildFile; fileRef = 29AF9E6B2924E15F002231E1 /* MyToDosUITestsLaunchTests.swift */; };
/* End PBXBuildFile section */

/* Begin PBXContainerItemProxy section */
		29AF9E5C2924E15F002231E1 /* PBXContainerItemProxy */ = {
			isa = PBXContainerItemProxy;
			containerPortal = 29AF9E432924E15C002231E1 /* Project object */;
			proxyType = 1;
			remoteGlobalIDString = 29AF9E4A2924E15C002231E1;
			remoteInfo = MyToDos;
		};
		29AF9E662924E15F002231E1 /* PBXContainerItemProxy */ = {
			isa = PBXContainerItemProxy;
			containerPortal = 29AF9E432924E15C002231E1 /* Project object */;
			proxyType = 1;
			remoteGlobalIDString = 29AF9E4A2924E15C002231E1;
			remoteInfo = MyToDos;
		};
/* End PBXContainerItemProxy section */

/* Begin PBXFileReference section */
		29AF9E4B2924E15C002231E1 /* MyToDos.app */ = {isa = PBXFileReference; explicitFileType = wrapper.application; includeInIndex = 0; path = MyToDos.app; sourceTree = BUILT_PRODUCTS_DIR; };
		29AF9E4E2924E15C002231E1 /* MyToDosApp.swift */ = {isa = PBXFileReference; lastKnownFileType = sourcecode.swift; path = MyToDosApp.swift; sourceTree = "<group>"; };
		29AF9E502924E15C002231E1 /* ContentView.swift */ = {isa = PBXFileReference; lastKnownFileType = sourcecode.swift; path = ContentView.swift; sourceTree = "<group>"; };
		29AF9E522924E15F002231E1 /* Assets.xcassets */ = {isa = PBXFileReference; lastKnownFileType = folder.assetcatalog; path = Assets.xcassets; sourceTree = "<group>"; };
		29AF9E552924E15F002231E1 /* Preview Assets.xcassets */ = {isa = PBXFileReference; lastKnownFileType = folder.assetcatalog; path = "Preview Assets.xcassets"; sourceTree = "<group>"; };
		29AF9E5B2924E15F002231E1 /* MyToDosTests.xctest */ = {isa = PBXFileReference; explicitFileType = wrapper.cfbundle; includeInIndex = 0; path = MyToDosTests.xctest; sourceTree = BUILT_PRODUCTS_DIR; };
		29AF9E5F2924E15F002231E1 /* MyToDosTests.swift */ = {isa = PBXFileReference; lastKnownFileType = sourcecode.swift; path = MyToDosTests.swift; sourceTree = "<group>"; };
		29AF9E652924E15F002231E1 /* MyToDosUITests.xctest */ = {isa = PBXFileReference; explicitFileType = wrapper.cfbundle; includeInIndex = 0; path = MyToDosUITests.xctest; sourceTree = BUILT_PRODUCTS_DIR; };
		29AF9E692924E15F002231E1 /* MyToDosUITests.swift */ = {isa = PBXFileReference; lastKnownFileType = sourcecode.swift; path = MyToDosUITests.swift; sourceTree = "<group>"; };
		29AF9E6B2924E15F002231E1 /* MyToDosUITestsLaunchTests.swift */ = {isa = PBXFileReference; lastKnownFileType = sourcecode.swift; path = MyToDosUITestsLaunchTests.swift; sourceTree = "<group>"; };
/* End PBXFileReference section */

/* Begin PBXFrameworksBuildPhase section */
		29AF9E482924E15C002231E1 /* Frameworks */ = {
			isa = PBXFrameworksBuildPhase;
			buildActionMask = 2147483647;
			files = (
			);
			runOnlyForDeploymentPostprocessing = 0;
		};
		29AF9E582924E15F002231E1 /* Frameworks */ = {
			isa = PBXFrameworksBuildPhase;
			buildActionMask = 2147483647;
			files = (
			);
			runOnlyForDeploymentPostprocessing = 0;
		};
		29AF9E622924E15F002231E1 /* Frameworks */ = {
			isa = PBXFrameworksBuildPhase;
			buildActionMask = 2147483647;
			files = (
			);
			runOnlyForDeploymentPostprocessing = 0;
		};
/* End PBXFrameworksBuildPhase section */

/* Begin PBXGroup section */
		29AF9E422924E15C002231E1 = {
			isa = PBXGroup;
			children = (
				29AF9E4D2924E15C002231E1 /* MyToDos */,
				29AF9E5E2924E15F002231E1 /* MyToDosTests */,
				29AF9E682924E15F002231E1 /* MyToDosUITests */,
				29AF9E4C2924E15C002231E1 /* Products */,
			);
			sourceTree = "<group>";
		};
		29AF9E4C2924E15C002231E1 /* Products */ = {
			isa = PBXGroup;
			children = (
				29AF9E4B2924E15C002231E1 /* MyToDos.app */,
				29AF9E5B2924E15F002231E1 /* MyToDosTests.xctest */,
				29AF9E652924E15F002231E1 /* MyToDosUITests.xctest */,
			);
			name = Products;
			sourceTree = "<group>";
		};
		29AF9E4D2924E15C002231E1 /* MyToDos */ = {
			isa = PBXGroup;
			children = (
				29AF9E4E2924E15C002231E1 /* MyToDosApp.swift */,
				29AF9E502924E15C002231E1 /* ContentView.swift */,
				29AF9E522924E15F002231E1 /* Assets.xcassets */,
				29AF9E542924E15F002231E1 /* Preview Content */,
			);
			path = MyToDos;
			sourceTree = "<group>";
		};
		29AF9E542924E15F002231E1 /* Preview Content */ = {
			isa = PBXGroup;
			children = (
				29AF9E552924E15F002231E1 /* Preview Assets.xcassets */,
			);
			path = "Preview Content";
			sourceTree = "<group>";
		};
		29AF9E5E2924E15F002231E1 /* MyToDosTests */ = {
			isa = PBXGroup;
			children = (
				29AF9E5F2924E15F002231E1 /* MyToDosTests.swift */,
			);
			path = MyToDosTests;
			sourceTree = "<group>";
		};
		29AF9E682924E15F002231E1 /* MyToDosUITests */ = {
			isa = PBXGroup;
			children = (
				29AF9E692924E15F002231E1 /* MyToDosUITests.swift */,
				29AF9E6B2924E15F002231E1 /* MyToDosUITestsLaunchTests.swift */,
			);
			path = MyToDosUITests;
			sourceTree = "<group>";
		};
/* End PBXGroup section */

/* Begin PBXNativeTarget section */
		29AF9E4A2924E15C002231E1 /* MyToDos */ = {
			isa = PBXNativeTarget;
			buildConfigurationList = 29AF9E6F2924E15F002231E1 /* Build configuration list for PBXNativeTarget "MyToDos" */;
			buildPhases = (
				29AF9E472924E15C002231E1 /* Sources */,
				29AF9E482924E15C002231E1 /* Frameworks */,
				29AF9E492924E15C002231E1 /* Resources */,
			);
			buildRules = (
			);
			dependencies = (
			);
			name = MyToDos;
			productName = MyToDos;
			productReference = 29AF9E4B2924E15C002231E1 /* MyToDos.app */;
			productType = "com.apple.product-type.application";
		};
		29AF9E5A2924E15F002231E1 /* MyToDosTests */ = {
			isa = PBXNativeTarget;
			buildConfigurationList = 29AF9E722924E15F002231E1 /* Build configuration list for PBXNativeTarget "MyToDosTests" */;
			buildPhases = (
				29AF9E572924E15F002231E1 /* Sources */,
				29AF9E582924E15F002231E1 /* Frameworks */,
				29AF9E592924E15F002231E1 /* Resources */,
			);
			buildRules = (
			);
			dependencies = (
				29AF9E5D2924E15F002231E1 /* PBXTargetDependency */,
			);
			name = MyToDosTests;
			productName = MyToDosTests;
			productReference = 29AF9E5B2924E15F002231E1 /* MyToDosTests.xctest */;
			productType = "com.apple.product-type.bundle.unit-test";
		};
		29AF9E642924E15F002231E1 /* MyToDosUITests */ = {
			isa = PBXNativeTarget;
			buildConfigurationList = 29AF9E752924E15F002231E1 /* Build configuration list for PBXNativeTarget "MyToDosUITests" */;
			buildPhases = (
				29AF9E612924E15F002231E1 /* Sources */,
				29AF9E622924E15F002231E1 /* Frameworks */,
				29AF9E632924E15F002231E1 /* Resources */,
			);
			buildRules = (
			);
			dependencies = (
				29AF9E672924E15F002231E1 /* PBXTargetDependency */,
			);
			name = MyToDosUITests;
			productName = MyToDosUITests;
			productReference = 29AF9E652924E15F002231E1 /* MyToDosUITests.xctest */;
			productType = "com.apple.product-type.bundle.ui-testing";
		};
/* End PBXNativeTarget section */

/* Begin PBXProject section */
		29AF9E432924E15C002231E1 /* Project object */ = {
			isa = PBXProject;
			attributes = {
				BuildIndependentTargetsInParallel = 1;
				LastSwiftUpdateCheck = 1340;
				LastUpgradeCheck = 1340;
				TargetAttributes = {
					29AF9E4A2924E15C002231E1 = {
						CreatedOnToolsVersion = 13.4.1;
					};
					29AF9E5A2924E15F002231E1 = {
						CreatedOnToolsVersion = 13.4.1;
						TestTargetID = 29AF9E4A2924E15C002231E1;
					};
					29AF9E642924E15F002231E1 = {
						CreatedOnToolsVersion = 13.4.1;
						TestTargetID = 29AF9E4A2924E15C002231E1;
					};
				};
			};
			buildConfigurationList = 29AF9E462924E15C002231E1 /* Build configuration list for PBXProject "MyToDos" */;
			compatibilityVersion = "Xcode 13.0";
			developmentRegion = en;
			hasScannedForEncodings = 0;
			knownRegions = (
				en,
				Base,
			);
			mainGroup = 29AF9E422924E15C002231E1;
			productRefGroup = 29AF9E4C2924E15C002231E1 /* Products */;
			projectDirPath = "";
			projectRoot = "";
			targets = (
				29AF9E4A2924E15C002231E1 /* MyToDos */,
				29AF9E5A2924E15F002231E1 /* MyToDosTests */,
				29AF9E642924E15F002231E1 /* MyToDosUITests */,
			);
		};
/* End PBXProject section */

/* Begin PBXResourcesBuildPhase section */
		29AF9E492924E15C002231E1 /* Resources */ = {
			isa = PBXResourcesBuildPhase;
			buildActionMask = 2147483647;
			files = (
				29AF9E562924E15F002231E1 /* Preview Assets.xcassets in Resources */,
				29AF9E532924E15F002231E1 /* Assets.xcassets in Resources */,
			);
			runOnlyForDeploymentPostprocessing = 0;
		};
		29AF9E592924E15F002231E1 /* Resources */ = {
			isa = PBXResourcesBuildPhase;
			buildActionMask = 2147483647;
			files = (
			);
			runOnlyForDeploymentPostprocessing = 0;
		};
		29AF9E632924E15F002231E1 /* Resources */ = {
			isa = PBXResourcesBuildPhase;
			buildActionMask = 2147483647;
			files = (
			);
			runOnlyForDeploymentPostprocessing = 0;
		};
/* End PBXResourcesBuildPhase section */

/* Begin PBXSourcesBuildPhase section */
		29AF9E472924E15C002231E1 /* Sources */ = {
			isa = PBXSourcesBuildPhase;
			buildActionMask = 2147483647;
			files = (
				29AF9E512924E15C002231E1 /* ContentView.swift in Sources */,
				29AF9E4F2924E15C002231E1 /* MyToDosApp.swift in Sources */,
			);
			runOnlyForDeploymentPostprocessing = 0;
		};
		29AF9E572924E15F002231E1 /* Sources */ = {
			isa = PBXSourcesBuildPhase;
			buildActionMask = 2147483647;
			files = (
				29AF9E602924E15F002231E1 /* MyToDosTests.swift in Sources */,
			);
			runOnlyForDeploymentPostprocessing = 0;
		};
		29AF9E612924E15F002231E1 /* Sources */ = {
			isa = PBXSourcesBuildPhase;
			buildActionMask = 2147483647;
			files = (
				29AF9E6C2924E15F002231E1 /* MyToDosUITestsLaunchTests.swift in Sources */,
				29AF9E6A2924E15F002231E1 /* MyToDosUITests.swift in Sources */,
			);
			runOnlyForDeploymentPostprocessing = 0;
		};
/* End PBXSourcesBuildPhase section */

/* Begin PBXTargetDependency section */
		29AF9E5D2924E15F002231E1 /* PBXTargetDependency */ = {
			isa = PBXTargetDependency;
			target = 29AF9E4A2924E15C002231E1 /* MyToDos */;
			targetProxy = 29AF9E5C2924E15F002231E1 /* PBXContainerItemProxy */;
		};
		29AF9E672924E15F002231E1 /* PBXTargetDependency */ = {
			isa = PBXTargetDependency;
			target = 29AF9E4A2924E15C002231E1 /* MyToDos */;
			targetProxy = 29AF9E662924E15F002231E1 /* PBXContainerItemProxy */;
		};
/* End PBXTargetDependency section */

/* Begin XCBuildConfiguration section */
		29AF9E6D2924E15F002231E1 /* Debug */ = {
			isa = XCBuildConfiguration;
			buildSettings = {
				ALWAYS_SEARCH_USER_PATHS = NO;
				CLANG_ANALYZER_NONNULL = YES;
				CLANG_ANALYZER_NUMBER_OBJECT_CONVERSION = YES_AGGRESSIVE;
				CLANG_CXX_LANGUAGE_STANDARD = "gnu++17";
				CLANG_ENABLE_MODULES = YES;
				CLANG_ENABLE_OBJC_ARC = YES;
				CLANG_ENABLE_OBJC_WEAK = YES;
				CLANG_WARN_BLOCK_CAPTURE_AUTORELEASING = YES;
				CLANG_WARN_BOOL_CONVERSION = YES;
				CLANG_WARN_COMMA = YES;
				CLANG_WARN_CONSTANT_CONVERSION = YES;
				CLANG_WARN_DEPRECATED_OBJC_IMPLEMENTATIONS = YES;
				CLANG_WARN_DIRECT_OBJC_ISA_USAGE = YES_ERROR;
				CLANG_WARN_DOCUMENTATION_COMMENTS = YES;
				CLANG_WARN_EMPTY_BODY = YES;
				CLANG_WARN_ENUM_CONVERSION = YES;
				CLANG_WARN_INFINITE_RECURSION = YES;
				CLANG_WARN_INT_CONVERSION = YES;
				CLANG_WARN_NON_LITERAL_NULL_CONVERSION = YES;
				CLANG_WARN_OBJC_IMPLICIT_RETAIN_SELF = YES;
				CLANG_WARN_OBJC_LITERAL_CONVERSION = YES;
				CLANG_WARN_OBJC_ROOT_CLASS = YES_ERROR;
				CLANG_WARN_QUOTED_INCLUDE_IN_FRAMEWORK_HEADER = YES;
				CLANG_WARN_RANGE_LOOP_ANALYSIS = YES;
				CLANG_WARN_STRICT_PROTOTYPES = YES;
				CLANG_WARN_SUSPICIOUS_MOVE = YES;
				CLANG_WARN_UNGUARDED_AVAILABILITY = YES_AGGRESSIVE;
				CLANG_WARN_UNREACHABLE_CODE = YES;
				CLANG_WARN__DUPLICATE_METHOD_MATCH = YES;
				COPY_PHASE_STRIP = NO;
				DEBUG_INFORMATION_FORMAT = dwarf;
				ENABLE_STRICT_OBJC_MSGSEND = YES;
				ENABLE_TESTABILITY = YES;
				GCC_C_LANGUAGE_STANDARD = gnu11;
				GCC_DYNAMIC_NO_PIC = NO;
				GCC_NO_COMMON_BLOCKS = YES;
				GCC_OPTIMIZATION_LEVEL = 0;
				GCC_PREPROCESSOR_DEFINITIONS = (
					"DEBUG=1",
					"$(inherited)",
				);
				GCC_WARN_64_TO_32_BIT_CONVERSION = YES;
				GCC_WARN_ABOUT_RETURN_TYPE = YES_ERROR;
				GCC_WARN_UNDECLARED_SELECTOR = YES;
				GCC_WARN_UNINITIALIZED_AUTOS = YES_AGGRESSIVE;
				GCC_WARN_UNUSED_FUNCTION = YES;
				GCC_WARN_UNUSED_VARIABLE = YES;
				IPHONEOS_DEPLOYMENT_TARGET = 15.5;
				MTL_ENABLE_DEBUG_INFO = INCLUDE_SOURCE;
				MTL_FAST_MATH = YES;
				ONLY_ACTIVE_ARCH = YES;
				SDKROOT = iphoneos;
				SWIFT_ACTIVE_COMPILATION_CONDITIONS = DEBUG;
				SWIFT_OPTIMIZATION_LEVEL = "-Onone";
			};
			name = Debug;
		};
		29AF9E6E2924E15F002231E1 /* Release */ = {
			isa = XCBuildConfiguration;
			buildSettings = {
				ALWAYS_SEARCH_USER_PATHS = NO;
				CLANG_ANALYZER_NONNULL = YES;
				CLANG_ANALYZER_NUMBER_OBJECT_CONVERSION = YES_AGGRESSIVE;
				CLANG_CXX_LANGUAGE_STANDARD = "gnu++17";
				CLANG_ENABLE_MODULES = YES;
				CLANG_ENABLE_OBJC_ARC = YES;
				CLANG_ENABLE_OBJC_WEAK = YES;
				CLANG_WARN_BLOCK_CAPTURE_AUTORELEASING = YES;
				CLANG_WARN_BOOL_CONVERSION = YES;
				CLANG_WARN_COMMA = YES;
				CLANG_WARN_CONSTANT_CONVERSION = YES;
				CLANG_WARN_DEPRECATED_OBJC_IMPLEMENTATIONS = YES;
				CLANG_WARN_DIRECT_OBJC_ISA_USAGE = YES_ERROR;
				CLANG_WARN_DOCUMENTATION_COMMENTS = YES;
				CLANG_WARN_EMPTY_BODY = YES;
				CLANG_WARN_ENUM_CONVERSION = YES;
				CLANG_WARN_INFINITE_RECURSION = YES;
				CLANG_WARN_INT_CONVERSION = YES;
				CLANG_WARN_NON_LITERAL_NULL_CONVERSION = YES;
				CLANG_WARN_OBJC_IMPLICIT_RETAIN_SELF = YES;
				CLANG_WARN_OBJC_LITERAL_CONVERSION = YES;
				CLANG_WARN_OBJC_ROOT_CLASS = YES_ERROR;
				CLANG_WARN_QUOTED_INCLUDE_IN_FRAMEWORK_HEADER = YES;
				CLANG_WARN_RANGE_LOOP_ANALYSIS = YES;
				CLANG_WARN_STRICT_PROTOTYPES = YES;
				CLANG_WARN_SUSPICIOUS_MOVE = YES;
				CLANG_WARN_UNGUARDED_AVAILABILITY = YES_AGGRESSIVE;
				CLANG_WARN_UNREACHABLE_CODE = YES;
				CLANG_WARN__DUPLICATE_METHOD_MATCH = YES;
				COPY_PHASE_STRIP = NO;
				DEBUG_INFORMATION_FORMAT = "dwarf-with-dsym";
				ENABLE_NS_ASSERTIONS = NO;
				ENABLE_STRICT_OBJC_MSGSEND = YES;
				GCC_C_LANGUAGE_STANDARD = gnu11;
				GCC_NO_COMMON_BLOCKS = YES;
				GCC_WARN_64_TO_32_BIT_CONVERSION = YES;
				GCC_WARN_ABOUT_RETURN_TYPE = YES_ERROR;
				GCC_WARN_UNDECLARED_SELECTOR = YES;
				GCC_WARN_UNINITIALIZED_AUTOS = YES_AGGRESSIVE;
				GCC_WARN_UNUSED_FUNCTION = YES;
				GCC_WARN_UNUSED_VARIABLE = YES;
				IPHONEOS_DEPLOYMENT_TARGET = 15.5;
				MTL_ENABLE_DEBUG_INFO = NO;
				MTL_FAST_MATH = YES;
				SDKROOT = iphoneos;
				SWIFT_COMPILATION_MODE = wholemodule;
				SWIFT_OPTIMIZATION_LEVEL = "-O";
				VALIDATE_PRODUCT = YES;
			};
			name = Release;
		};
		29AF9E702924E15F002231E1 /* Debug */ = {
			isa = XCBuildConfiguration;
			buildSettings = {
				ASSETCATALOG_COMPILER_APPICON_NAME = AppIcon;
				ASSETCATALOG_COMPILER_GLOBAL_ACCENT_COLOR_NAME = AccentColor;
				CODE_SIGN_STYLE = Automatic;
				CURRENT_PROJECT_VERSION = 1;
				DEVELOPMENT_ASSET_PATHS = "\"MyToDos/Preview Content\"";
				DEVELOPMENT_TEAM = 348B6A9XT6;
				ENABLE_PREVIEWS = YES;
				GENERATE_INFOPLIST_FILE = YES;
				INFOPLIST_KEY_UIApplicationSceneManifest_Generation = YES;
				INFOPLIST_KEY_UIApplicationSupportsIndirectInputEvents = YES;
				INFOPLIST_KEY_UILaunchScreen_Generation = YES;
				INFOPLIST_KEY_UISupportedInterfaceOrientations_iPad = "UIInterfaceOrientationPortrait UIInterfaceOrientationPortraitUpsideDown UIInterfaceOrientationLandscapeLeft UIInterfaceOrientationLandscapeRight";
				INFOPLIST_KEY_UISupportedInterfaceOrientations_iPhone = "UIInterfaceOrientationPortrait UIInterfaceOrientationLandscapeLeft UIInterfaceOrientationLandscapeRight";
				LD_RUNPATH_SEARCH_PATHS = (
					"$(inherited)",
					"@executable_path/Frameworks",
				);
				MARKETING_VERSION = 1.0;
				PRODUCT_BUNDLE_IDENTIFIER = com.todos.MyToDos;
				PRODUCT_NAME = "$(TARGET_NAME)";
				SWIFT_EMIT_LOC_STRINGS = YES;
				SWIFT_VERSION = 5.0;
				TARGETED_DEVICE_FAMILY = "1,2";
			};
			name = Debug;
		};
		29AF9E712924E15F002231E1 /* Release */ = {
			isa = XCBuildConfiguration;
			buildSettings = {
				ASSETCATALOG_COMPILER_APPICON_NAME = AppIcon;
				ASSETCATALOG_COMPILER_GLOBAL_ACCENT_COLOR_NAME = AccentColor;
				CODE_SIGN_STYLE = Automatic;
				CURRENT_PROJECT_VERSION = 1;
				DEVELOPMENT_ASSET_PATHS = "\"MyToDos/Preview Content\"";
				DEVELOPMENT_TEAM = 348B6A9XT6;
				ENABLE_PREVIEWS = YES;
				GENERATE_INFOPLIST_FILE = YES;
				INFOPLIST_KEY_UIApplicationSceneManifest_Generation = YES;
				INFOPLIST_KEY_UIApplicationSupportsIndirectInputEvents = YES;
				INFOPLIST_KEY_UILaunchScreen_Generation = YES;
				INFOPLIST_KEY_UISupportedInterfaceOrientations_iPad = "UIInterfaceOrientationPortrait UIInterfaceOrientationPortraitUpsideDown UIInterfaceOrientationLandscapeLeft UIInterfaceOrientationLandscapeRight";
				INFOPLIST_KEY_UISupportedInterfaceOrientations_iPhone = "UIInterfaceOrientationPortrait UIInterfaceOrientationLandscapeLeft UIInterfaceOrientationLandscapeRight";
				LD_RUNPATH_SEARCH_PATHS = (
					"$(inherited)",
					"@executable_path/Frameworks",
				);
				MARKETING_VERSION = 1.0;
				PRODUCT_BUNDLE_IDENTIFIER = com.todos.MyToDos;
				PRODUCT_NAME = "$(TARGET_NAME)";
				SWIFT_EMIT_LOC_STRINGS = YES;
				SWIFT_VERSION = 5.0;
				TARGETED_DEVICE_FAMILY = "1,2";
			};
			name = Release;
		};
		29AF9E732924E15F002231E1 /* Debug */ = {
			isa = XCBuildConfiguration;
			buildSettings = {
				ALWAYS_EMBED_SWIFT_STANDARD_LIBRARIES = YES;
				BUNDLE_LOADER = "$(TEST_HOST)";
				CODE_SIGN_STYLE = Automatic;
				CURRENT_PROJECT_VERSION = 1;
				DEVELOPMENT_TEAM = 348B6A9XT6;
				GENERATE_INFOPLIST_FILE = YES;
				IPHONEOS_DEPLOYMENT_TARGET = 15.5;
				MARKETING_VERSION = 1.0;
				PRODUCT_BUNDLE_IDENTIFIER = com.todos.MyToDosTests;
				PRODUCT_NAME = "$(TARGET_NAME)";
				SWIFT_EMIT_LOC_STRINGS = NO;
				SWIFT_VERSION = 5.0;
				TARGETED_DEVICE_FAMILY = "1,2";
				TEST_HOST = "$(BUILT_PRODUCTS_DIR)/MyToDos.app/MyToDos";
			};
			name = Debug;
		};
		29AF9E742924E15F002231E1 /* Release */ = {
			isa = XCBuildConfiguration;
			buildSettings = {
				ALWAYS_EMBED_SWIFT_STANDARD_LIBRARIES = YES;
				BUNDLE_LOADER = "$(TEST_HOST)";
				CODE_SIGN_STYLE = Automatic;
				CURRENT_PROJECT_VERSION = 1;
				DEVELOPMENT_TEAM = 348B6A9XT6;
				GENERATE_INFOPLIST_FILE = YES;
				IPHONEOS_DEPLOYMENT_TARGET = 15.5;
				MARKETING_VERSION = 1.0;
				PRODUCT_BUNDLE_IDENTIFIER = com.todos.MyToDosTests;
				PRODUCT_NAME = "$(TARGET_NAME)";
				SWIFT_EMIT_LOC_STRINGS = NO;
				SWIFT_VERSION = 5.0;
				TARGETED_DEVICE_FAMILY = "1,2";
				TEST_HOST = "$(BUILT_PRODUCTS_DIR)/MyToDos.app/MyToDos";
			};
			name = Release;
		};
		29AF9E762924E15F002231E1 /* Debug */ = {
			isa = XCBuildConfiguration;
			buildSettings = {
				ALWAYS_EMBED_SWIFT_STANDARD_LIBRARIES = YES;
				CODE_SIGN_STYLE = Automatic;
				CURRENT_PROJECT_VERSION = 1;
				DEVELOPMENT_TEAM = 348B6A9XT6;
				GENERATE_INFOPLIST_FILE = YES;
				MARKETING_VERSION = 1.0;
				PRODUCT_BUNDLE_IDENTIFIER = com.todos.MyToDosUITests;
				PRODUCT_NAME = "$(TARGET_NAME)";
				SWIFT_EMIT_LOC_STRINGS = NO;
				SWIFT_VERSION = 5.0;
				TARGETED_DEVICE_FAMILY = "1,2";
				TEST_TARGET_NAME = MyToDos;
			};
			name = Debug;
		};
		29AF9E772924E15F002231E1 /* Release */ = {
			isa = XCBuildConfiguration;
			buildSettings = {
				ALWAYS_EMBED_SWIFT_STANDARD_LIBRARIES = YES;
				CODE_SIGN_STYLE = Automatic;
				CURRENT_PROJECT_VERSION = 1;
				DEVELOPMENT_TEAM = 348B6A9XT6;
				GENERATE_INFOPLIST_FILE = YES;
				MARKETING_VERSION = 1.0;
				PRODUCT_BUNDLE_IDENTIFIER = com.todos.MyToDosUITests;
				PRODUCT_NAME = "$(TARGET_NAME)";
				SWIFT_EMIT_LOC_STRINGS = NO;
				SWIFT_VERSION = 5.0;
				TARGETED_DEVICE_FAMILY = "1,2";
				TEST_TARGET_NAME = MyToDos;
			};
			name = Release;
		};
/* End XCBuildConfiguration section */

/* Begin XCConfigurationList section */
		29AF9E462924E15C002231E1 /* Build configuration list for PBXProject "MyToDos" */ = {
			isa = XCConfigurationList;
			buildConfigurations = (
				29AF9E6D2924E15F002231E1 /* Debug */,
				29AF9E6E2924E15F002231E1 /* Release */,
			);
			defaultConfigurationIsVisible = 0;
			defaultConfigurationName = Release;
		};
		29AF9E6F2924E15F002231E1 /* Build configuration list for PBXNativeTarget "MyToDos" */ = {
			isa = XCConfigurationList;
			buildConfigurations = (
				29AF9E702924E15F002231E1 /* Debug */,
				29AF9E712924E15F002231E1 /* Release */,
			);
			defaultConfigurationIsVisible = 0;
			defaultConfigurationName = Release;
		};
		29AF9E722924E15F002231E1 /* Build configuration list for PBXNativeTarget "MyToDosTests" */ = {
			isa = XCConfigurationList;
			buildConfigurations = (
				29AF9E732924E15F002231E1 /* Debug */,
				29AF9E742924E15F002231E1 /* Release */,
			);
			defaultConfigurationIsVisible = 0;
			defaultConfigurationName = Release;
		};
		29AF9E752924E15F002231E1 /* Build configuration list for PBXNativeTarget "MyToDosUITests" */ = {
			isa = XCConfigurationList;
			buildConfigurations = (
				29AF9E762924E15F002231E1 /* Debug */,
				29AF9E772924E15F002231E1 /* Release */,
			);
			defaultConfigurationIsVisible = 0;
			defaultConfigurationName = Release;
		};
/* End XCConfigurationList section */
	};
	rootObject = 29AF9E432924E15C002231E1 /* Project object */;
}
